
Microsoft Visual Studio Solution File, Format Version 12.00
# Visual Studio Version 17
VisualStudioVersion = 17.1.32228.430
MinimumVisualStudioVersion = 10.0.40219.1
Project("{FAE04EC0-301F-11D3-BF4B-00C04F79EFBC}") = "Keaton-Gunn-Lab-1-SD340", "Keaton-Gunn-Lab-1-SD340\Keaton-Gunn-Lab-1-SD340.csproj", "{AA147561-F80E-43CA-B096-A227D4A8E440}"
EndProject
Global
	GlobalSection(SolutionConfigurationPlatforms) = preSolution
		Debug|Any CPU = Debug|Any CPU
		Release|Any CPU = Release|Any CPU
	EndGlobalSection
	GlobalSection(ProjectConfigurationPlatforms) = postSolution
		{AA147561-F80E-43CA-B096-A227D4A8E440}.Debug|Any CPU.ActiveCfg = Debug|Any CPU
		{AA147561-F80E-43CA-B096-A227D4A8E440}.Debug|Any CPU.Build.0 = Debug|Any CPU
		{AA147561-F80E-43CA-B096-A227D4A8E440}.Release|Any CPU.ActiveCfg = Release|Any CPU
		{AA147561-F80E-43CA-B096-A227D4A8E440}.Release|Any CPU.Build.0 = Release|Any CPU
	EndGlobalSection
	GlobalSection(SolutionProperties) = preSolution
		HideSolutionNode = FALSE
	EndGlobalSection
	GlobalSection(ExtensibilityGlobals) = postSolution
		SolutionGuid = {2B0FC2F8-9ABB-4B4C-B20B-56FF787A97A0}
	EndGlobalSection
EndGlobal
